// !$*UTF8*$!
{
	archiveVersion = 1;
	classes = {
	};
	objectVersion = 77;
	objects = {

/* Begin PBXBuildFile section */
		231757C8A88DDFAD819EB3FF /* CodexDirectorApp.swift in Sources */ = {isa = PBXBuildFile; fileRef = 654D3690FC239B4E7C401EB3 /* CodexDirectorApp.swift */; };
		48676C0B9A398B2BED41D7CF /* AppContainer.swift in Sources */ = {isa = PBXBuildFile; fileRef = D5C69DB72A1C7A980BA56972 /* AppContainer.swift */; };
		5B1D85A03C193B5BBB2EF35A /* DirectorCore in Frameworks */ = {isa = PBXBuildFile; productRef = 1C38DFB792AC0E897CD0D7AC /* DirectorCore */; };
		9DA320DFD3C6479B20228DA7 /* DirectorUI in Frameworks */ = {isa = PBXBuildFile; productRef = 1B25A81793D1F8967367BB23 /* DirectorUI */; };
		DFD3D6F25731976B2D905362 /* AppIcon.icon in Resources */ = {isa = PBXBuildFile; fileRef = E48DC96B7C6A8BF7EF4AFA0B /* AppIcon.icon */; };
/* End PBXBuildFile section */

/* Begin PBXFileReference section */
		654D3690FC239B4E7C401EB3 /* CodexDirectorApp.swift */ = {isa = PBXFileReference; lastKnownFileType = sourcecode.swift; path = CodexDirectorApp.swift; sourceTree = "<group>"; };
		CD0BC561F139E12326906D8D /* CodexDirectorMacApp.app */ = {isa = PBXFileReference; explicitFileType = wrapper.application; includeInIndex = 0; path = CodexDirectorMacApp.app; sourceTree = BUILT_PRODUCTS_DIR; };
		D5C69DB72A1C7A980BA56972 /* AppContainer.swift */ = {isa = PBXFileReference; lastKnownFileType = sourcecode.swift; path = AppContainer.swift; sourceTree = "<group>"; };
		DDB00914681FE71FE75EDB84 /* Codex Director */ = {isa = PBXFileReference; lastKnownFileType = folder; name = "Codex Director"; path = .; sourceTree = SOURCE_ROOT; };
		E48DC96B7C6A8BF7EF4AFA0B /* AppIcon.icon */ = {isa = PBXFileReference; lastKnownFileType = wrapper.icon; path = AppIcon.icon; sourceTree = "<group>"; };
/* End PBXFileReference section */

/* Begin PBXFrameworksBuildPhase section */
		4550DDD8CD4D73EC6FE5A746 /* Frameworks */ = {
			isa = PBXFrameworksBuildPhase;
			buildActionMask = 2147483647;
			files = (
				5B1D85A03C193B5BBB2EF35A /* DirectorCore in Frameworks */,
				9DA320DFD3C6479B20228DA7 /* DirectorUI in Frameworks */,
			);
			runOnlyForDeploymentPostprocessing = 0;
		};
/* End PBXFrameworksBuildPhase section */

/* Begin PBXGroup section */
		1092E2D75BD723AE7CAC0AEF /* Resources */ = {
			isa = PBXGroup;
			children = (
				E48DC96B7C6A8BF7EF4AFA0B /* AppIcon.icon */,
			);
			path = Resources;
			sourceTree = "<group>";
		};
		AE1F9BC9D48006BA00BDBA0D /* Sources */ = {
			isa = PBXGroup;
			children = (
				C6C6FF814295A7398802CC30 /* CodexDirectorApp */,
			);
			path = Sources;
			sourceTree = "<group>";
		};
		C6C6FF814295A7398802CC30 /* CodexDirectorApp */ = {
			isa = PBXGroup;
			children = (
				D5C69DB72A1C7A980BA56972 /* AppContainer.swift */,
				654D3690FC239B4E7C401EB3 /* CodexDirectorApp.swift */,
			);
			path = CodexDirectorApp;
			sourceTree = "<group>";
		};
		CA098E08CDC4EFD3EC4513BA /* Packages */ = {
			isa = PBXGroup;
			children = (
				DDB00914681FE71FE75EDB84 /* Codex Director */,
			);
			name = Packages;
			sourceTree = "<group>";
		};
		EEB04AE0B01A51AD9E4DE451 = {
			isa = PBXGroup;
			children = (
				CA098E08CDC4EFD3EC4513BA /* Packages */,
				1092E2D75BD723AE7CAC0AEF /* Resources */,
				AE1F9BC9D48006BA00BDBA0D /* Sources */,
				EFB8DD224CB10B4869063E3A /* Products */,
			);
			sourceTree = "<group>";
		};
		EFB8DD224CB10B4869063E3A /* Products */ = {
			isa = PBXGroup;
			children = (
				CD0BC561F139E12326906D8D /* CodexDirectorMacApp.app */,
			);
			name = Products;
			sourceTree = "<group>";
		};
/* End PBXGroup section */

/* Begin PBXNativeTarget section */
		6C90363CEFB08E9102ED10FE /* CodexDirectorMacApp */ = {
			isa = PBXNativeTarget;
			buildConfigurationList = F3FEB5423B108B24F73EC88E /* Build configuration list for PBXNativeTarget "CodexDirectorMacApp" */;
			buildPhases = (
				DA96BD9C9191C82331830E78 /* Sources */,
				4EABEFD100543FF005D7E835 /* Resources */,
				4550DDD8CD4D73EC6FE5A746 /* Frameworks */,
			);
			buildRules = (
			);
			dependencies = (
			);
			name = CodexDirectorMacApp;
			packageProductDependencies = (
				1C38DFB792AC0E897CD0D7AC /* DirectorCore */,
				1B25A81793D1F8967367BB23 /* DirectorUI */,
			);
			productName = CodexDirectorMacApp;
			productReference = CD0BC561F139E12326906D8D /* CodexDirectorMacApp.app */;
			productType = "com.apple.product-type.application";
		};
/* End PBXNativeTarget section */

/* Begin PBXProject section */
		C67E4674B1F5F66B9935EA25 /* Project object */ = {
			isa = PBXProject;
			attributes = {
				BuildIndependentTargetsInParallel = YES;
				LastUpgradeCheck = 1430;
				TargetAttributes = {
					6C90363CEFB08E9102ED10FE = {
						DevelopmentTeam = "";
						ProvisioningStyle = Manual;
					};
				};
			};
			buildConfigurationList = 85F4635D9122317081D90767 /* Build configuration list for PBXProject "CodexDirector" */;
			developmentRegion = en;
			hasScannedForEncodings = 0;
			knownRegions = (
				Base,
				en,
			);
			mainGroup = EEB04AE0B01A51AD9E4DE451;
			minimizedProjectReferenceProxies = 1;
			packageReferences = (
				9663DCD95EE04164453019B3 /* XCLocalSwiftPackageReference "." */,
			);
			preferredProjectObjectVersion = 77;
			productRefGroup = EFB8DD224CB10B4869063E3A /* Products */;
			projectDirPath = "";
			projectRoot = "";
			targets = (
				6C90363CEFB08E9102ED10FE /* CodexDirectorMacApp */,
			);
		};
/* End PBXProject section */

/* Begin PBXResourcesBuildPhase section */
		4EABEFD100543FF005D7E835 /* Resources */ = {
			isa = PBXResourcesBuildPhase;
			buildActionMask = 2147483647;
			files = (
				DFD3D6F25731976B2D905362 /* AppIcon.icon in Resources */,
			);
			runOnlyForDeploymentPostprocessing = 0;
		};
/* End PBXResourcesBuildPhase section */

/* Begin PBXSourcesBuildPhase section */
		DA96BD9C9191C82331830E78 /* Sources */ = {
			isa = PBXSourcesBuildPhase;
			buildActionMask = 2147483647;
			files = (
				48676C0B9A398B2BED41D7CF /* AppContainer.swift in Sources */,
				231757C8A88DDFAD819EB3FF /* CodexDirectorApp.swift in Sources */,
			);
			runOnlyForDeploymentPostprocessing = 0;
		};
/* End PBXSourcesBuildPhase section */

/* Begin XCBuildConfiguration section */
		2FA3B0050BF1A0FE2C5ED5FF /* Debug */ = {
			isa = XCBuildConfiguration;
			buildSettings = {
				ASSETCATALOG_COMPILER_APPICON_NAME = AppIcon;
				ASSETCATALOG_COMPILER_GLOBAL_ACCENT_COLOR_NAME = "";
				CLANG_ENABLE_MODULES = YES;
				CODE_SIGN_IDENTITY = "-";
				CODE_SIGN_INJECT_BASE_ENTITLEMENTS = NO;
				CODE_SIGN_STYLE = Manual;
				COMBINE_HIDPI_IMAGES = YES;
				CURRENT_PROJECT_VERSION = 21;
				DEVELOPMENT_TEAM = "";
				ENABLE_HARDENED_RUNTIME = YES;
				ENABLE_TESTABILITY = YES;
				GENERATE_INFOPLIST_FILE = YES;
				INFOPLIST_KEY_CFBundleDisplayName = "Codex Director";
				INFOPLIST_KEY_CFBundleIconName = AppIcon;
				INFOPLIST_KEY_CFBundleName = "Codex Director";
				INFOPLIST_KEY_LSApplicationCategoryType = "public.app-category.developer-tools";
				INFOPLIST_KEY_NSHumanReadableCopyright = "";
				LD_RUNPATH_SEARCH_PATHS = (
					"$(inherited)",
					"@executable_path/../Frameworks",
				);
				MACOSX_DEPLOYMENT_TARGET = 26.0;
				MARKETING_VERSION = 1.0.0;
				PRODUCT_BUNDLE_IDENTIFIER = com.peiweitang.CodexDirector;
				PRODUCT_NAME = "Codex Director";
				SDKROOT = macosx;
				SWIFT_ACTIVE_COMPILATION_CONDITIONS = DEBUG;
				SWIFT_EMIT_LOC_STRINGS = YES;
				SWIFT_OPTIMIZATION_LEVEL = "-Onone";
				SWIFT_VERSION = 6.0;
			};
			name = Debug;
		};
		5AC4359AF096AF589C3CB03A /* Release */ = {
			isa = XCBuildConfiguration;
			buildSettings = {
				ASSETCATALOG_COMPILER_APPICON_NAME = AppIcon;
				ASSETCATALOG_COMPILER_GLOBAL_ACCENT_COLOR_NAME = "";
				CLANG_ENABLE_MODULES = YES;
				CODE_SIGN_IDENTITY = "-";
				CODE_SIGN_INJECT_BASE_ENTITLEMENTS = NO;
				CODE_SIGN_STYLE = Manual;
				COMBINE_HIDPI_IMAGES = YES;
				CURRENT_PROJECT_VERSION = 21;
				DEVELOPMENT_TEAM = "";
				ENABLE_HARDENED_RUNTIME = YES;
				GENERATE_INFOPLIST_FILE = YES;
				INFOPLIST_KEY_CFBundleDisplayName = "Codex Director";
				INFOPLIST_KEY_CFBundleIconName = AppIcon;
				INFOPLIST_KEY_CFBundleName = "Codex Director";
				INFOPLIST_KEY_LSApplicationCategoryType = "public.app-category.developer-tools";
				INFOPLIST_KEY_NSHumanReadableCopyright = "";
				LD_RUNPATH_SEARCH_PATHS = (
					"$(inherited)",
					"@executable_path/../Frameworks",
				);
				MACOSX_DEPLOYMENT_TARGET = 26.0;
				MARKETING_VERSION = 1.0.0;
				PRODUCT_BUNDLE_IDENTIFIER = com.peiweitang.CodexDirector;
				PRODUCT_NAME = "Codex Director";
				SDKROOT = macosx;
				SWIFT_ACTIVE_COMPILATION_CONDITIONS = "";
				SWIFT_COMPILATION_MODE = wholemodule;
				SWIFT_EMIT_LOC_STRINGS = YES;
				SWIFT_OPTIMIZATION_LEVEL = "-O";
				SWIFT_VERSION = 6.0;
				VALIDATE_PRODUCT = YES;
			};
			name = Release;
		};
		A715E7E9767572B6625B4F54 /* Debug */ = {
			isa = XCBuildConfiguration;
			buildSettings = {
				ALWAYS_SEARCH_USER_PATHS = NO;
				CLANG_ANALYZER_NONNULL = YES;
				CLANG_ANALYZER_NUMBER_OBJECT_CONVERSION = YES_AGGRESSIVE;
				CLANG_CXX_LANGUAGE_STANDARD = "gnu++14";
				CLANG_CXX_LIBRARY = "libc++";
				CLANG_ENABLE_MODULES = YES;
				CLANG_ENABLE_OBJC_ARC = YES;
				CLANG_ENABLE_OBJC_WEAK = YES;
				CLANG_WARN_BLOCK_CAPTURE_AUTORELEASING = YES;
				CLANG_WARN_BOOL_CONVERSION = YES;
				CLANG_WARN_COMMA = YES;
				CLANG_WARN_CONSTANT_CONVERSION = YES;
				CLANG_WARN_DEPRECATED_OBJC_IMPLEMENTATIONS = YES;
				CLANG_WARN_DIRECT_OBJC_ISA_USAGE = YES_ERROR;
				CLANG_WARN_DOCUMENTATION_COMMENTS = YES;
				CLANG_WARN_EMPTY_BODY = YES;
				CLANG_WARN_ENUM_CONVERSION = YES;
				CLANG_WARN_INFINITE_RECURSION = YES;
				CLANG_WARN_INT_CONVERSION = YES;
				CLANG_WARN_NON_LITERAL_NULL_CONVERSION = YES;
				CLANG_WARN_OBJC_IMPLICIT_RETAIN_SELF = YES;
				CLANG_WARN_OBJC_LITERAL_CONVERSION = YES;
				CLANG_WARN_OBJC_ROOT_CLASS = YES_ERROR;
				CLANG_WARN_QUOTED_INCLUDE_IN_FRAMEWORK_HEADER = YES;
				CLANG_WARN_RANGE_LOOP_ANALYSIS = YES;
				CLANG_WARN_STRICT_PROTOTYPES = YES;
				CLANG_WARN_SUSPICIOUS_MOVE = YES;
				CLANG_WARN_UNGUARDED_AVAILABILITY = YES_AGGRESSIVE;
				CLANG_WARN_UNREACHABLE_CODE = YES;
				CLANG_WARN__DUPLICATE_METHOD_MATCH = YES;
				COPY_PHASE_STRIP = NO;
				DEBUG_INFORMATION_FORMAT = dwarf;
				ENABLE_STRICT_OBJC_MSGSEND = YES;
				ENABLE_TESTABILITY = YES;
				GCC_C_LANGUAGE_STANDARD = gnu11;
				GCC_DYNAMIC_NO_PIC = NO;
				GCC_NO_COMMON_BLOCKS = YES;
				GCC_OPTIMIZATION_LEVEL = 0;
				GCC_PREPROCESSOR_DEFINITIONS = (
					"$(inherited)",
					"DEBUG=1",
				);
				GCC_WARN_64_TO_32_BIT_CONVERSION = YES;
				GCC_WARN_ABOUT_RETURN_TYPE = YES_ERROR;
				GCC_WARN_UNDECLARED_SELECTOR = YES;
				GCC_WARN_UNINITIALIZED_AUTOS = YES_AGGRESSIVE;
				GCC_WARN_UNUSED_FUNCTION = YES;
				GCC_WARN_UNUSED_VARIABLE = YES;
				MACOSX_DEPLOYMENT_TARGET = 26.0;
				MTL_ENABLE_DEBUG_INFO = INCLUDE_SOURCE;
				MTL_FAST_MATH = YES;
				ONLY_ACTIVE_ARCH = YES;
				PRODUCT_NAME = "$(TARGET_NAME)";
				SDKROOT = macosx;
				SWIFT_ACTIVE_COMPILATION_CONDITIONS = DEBUG;
				SWIFT_OPTIMIZATION_LEVEL = "-Onone";
				SWIFT_VERSION = 5.0;
			};
			name = Debug;
		};
		C24DE8AAA9F766C1EAB1CB07 /* Release */ = {
			isa = XCBuildConfiguration;
			buildSettings = {
				ALWAYS_SEARCH_USER_PATHS = NO;
				CLANG_ANALYZER_NONNULL = YES;
				CLANG_ANALYZER_NUMBER_OBJECT_CONVERSION = YES_AGGRESSIVE;
				CLANG_CXX_LANGUAGE_STANDARD = "gnu++14";
				CLANG_CXX_LIBRARY = "libc++";
				CLANG_ENABLE_MODULES = YES;
				CLANG_ENABLE_OBJC_ARC = YES;
				CLANG_ENABLE_OBJC_WEAK = YES;
				CLANG_WARN_BLOCK_CAPTURE_AUTORELEASING = YES;
				CLANG_WARN_BOOL_CONVERSION = YES;
				CLANG_WARN_COMMA = YES;
				CLANG_WARN_CONSTANT_CONVERSION = YES;
				CLANG_WARN_DEPRECATED_OBJC_IMPLEMENTATIONS = YES;
				CLANG_WARN_DIRECT_OBJC_ISA_USAGE = YES_ERROR;
				CLANG_WARN_DOCUMENTATION_COMMENTS = YES;
				CLANG_WARN_EMPTY_BODY = YES;
				CLANG_WARN_ENUM_CONVERSION = YES;
				CLANG_WARN_INFINITE_RECURSION = YES;
				CLANG_WARN_INT_CONVERSION = YES;
				CLANG_WARN_NON_LITERAL_NULL_CONVERSION = YES;
				CLANG_WARN_OBJC_IMPLICIT_RETAIN_SELF = YES;
				CLANG_WARN_OBJC_LITERAL_CONVERSION = YES;
				CLANG_WARN_OBJC_ROOT_CLASS = YES_ERROR;
				CLANG_WARN_QUOTED_INCLUDE_IN_FRAMEWORK_HEADER = YES;
				CLANG_WARN_RANGE_LOOP_ANALYSIS = YES;
				CLANG_WARN_STRICT_PROTOTYPES = YES;
				CLANG_WARN_SUSPICIOUS_MOVE = YES;
				CLANG_WARN_UNGUARDED_AVAILABILITY = YES_AGGRESSIVE;
				CLANG_WARN_UNREACHABLE_CODE = YES;
				CLANG_WARN__DUPLICATE_METHOD_MATCH = YES;
				COPY_PHASE_STRIP = NO;
				DEBUG_INFORMATION_FORMAT = "dwarf-with-dsym";
				ENABLE_NS_ASSERTIONS = NO;
				ENABLE_STRICT_OBJC_MSGSEND = YES;
				GCC_C_LANGUAGE_STANDARD = gnu11;
				GCC_NO_COMMON_BLOCKS = YES;
				GCC_WARN_64_TO_32_BIT_CONVERSION = YES;
				GCC_WARN_ABOUT_RETURN_TYPE = YES_ERROR;
				GCC_WARN_UNDECLARED_SELECTOR = YES;
				GCC_WARN_UNINITIALIZED_AUTOS = YES_AGGRESSIVE;
				GCC_WARN_UNUSED_FUNCTION = YES;
				GCC_WARN_UNUSED_VARIABLE = YES;
				MACOSX_DEPLOYMENT_TARGET = 26.0;
				MTL_ENABLE_DEBUG_INFO = NO;
				MTL_FAST_MATH = YES;
				PRODUCT_NAME = "$(TARGET_NAME)";
				SDKROOT = macosx;
				SWIFT_COMPILATION_MODE = wholemodule;
				SWIFT_OPTIMIZATION_LEVEL = "-O";
				SWIFT_VERSION = 5.0;
			};
			name = Release;
		};
/* End XCBuildConfiguration section */

/* Begin XCConfigurationList section */
		85F4635D9122317081D90767 /* Build configuration list for PBXProject "CodexDirector" */ = {
			isa = XCConfigurationList;
			buildConfigurations = (
				A715E7E9767572B6625B4F54 /* Debug */,
				C24DE8AAA9F766C1EAB1CB07 /* Release */,
			);
			defaultConfigurationIsVisible = 0;
			defaultConfigurationName = Release;
		};
		F3FEB5423B108B24F73EC88E /* Build configuration list for PBXNativeTarget "CodexDirectorMacApp" */ = {
			isa = XCConfigurationList;
			buildConfigurations = (
				2FA3B0050BF1A0FE2C5ED5FF /* Debug */,
				5AC4359AF096AF589C3CB03A /* Release */,
			);
			defaultConfigurationIsVisible = 0;
			defaultConfigurationName = Release;
		};
/* End XCConfigurationList section */

/* Begin XCLocalSwiftPackageReference section */
		9663DCD95EE04164453019B3 /* XCLocalSwiftPackageReference "." */ = {
			isa = XCLocalSwiftPackageReference;
			relativePath = .;
		};
/* End XCLocalSwiftPackageReference section */

/* Begin XCSwiftPackageProductDependency section */
		1B25A81793D1F8967367BB23 /* DirectorUI */ = {
			isa = XCSwiftPackageProductDependency;
			productName = DirectorUI;
		};
		1C38DFB792AC0E897CD0D7AC /* DirectorCore */ = {
			isa = XCSwiftPackageProductDependency;
			productName = DirectorCore;
		};
/* End XCSwiftPackageProductDependency section */
	};
	rootObject = C67E4674B1F5F66B9935EA25 /* Project object */;
}
